
Microsoft Visual Studio Solution File, Format Version 12.00
# Visual Studio 2013
VisualStudioVersion = 12.0.30110.0
MinimumVisualStudioVersion = 10.0.40219.1
Project("{FAE04EC0-301F-11D3-BF4B-00C04F79EFBC}") = "Deals.Web", "Deals\Deals.Web.csproj", "{0772ADF8-3A82-4F3A-A003-6AD106858F6A}"
EndProject
Project("{FAE04EC0-301F-11D3-BF4B-00C04F79EFBC}") = "Deals.Tests", "Deals.Tests\Deals.Tests.csproj", "{4BB2CE1B-7618-4895-B4F6-53F43D657FEF}"
EndProject
Project("{FAE04EC0-301F-11D3-BF4B-00C04F79EFBC}") = "Deals.Models", "Deals.Models\Deals.Models.csproj", "{E1313CAD-427F-4970-BB69-A41362288AC3}"
EndProject
Project("{FAE04EC0-301F-11D3-BF4B-00C04F79EFBC}") = "Deals.Business", "Deals.Business\Deals.Business.csproj", "{F9177A13-AB07-482E-A177-32007D03B449}"
EndProject
Project("{FAE04EC0-301F-11D3-BF4B-00C04F79EFBC}") = "Deals.Data", "Deals.Data\Deals.Data.csproj", "{2D7EDBB5-53CC-4AC5-9295-4742099BC7FA}"
EndProject
Global
	GlobalSection(SolutionConfigurationPlatforms) = preSolution
		Debug|Any CPU = Debug|Any CPU
		Release|Any CPU = Release|Any CPU
	EndGlobalSection
	GlobalSection(ProjectConfigurationPlatforms) = postSolution
		{0772ADF8-3A82-4F3A-A003-6AD106858F6A}.Debug|Any CPU.ActiveCfg = Debug|Any CPU
		{0772ADF8-3A82-4F3A-A003-6AD106858F6A}.Debug|Any CPU.Build.0 = Debug|Any CPU
		{0772ADF8-3A82-4F3A-A003-6AD106858F6A}.Release|Any CPU.ActiveCfg = Release|Any CPU
		{0772ADF8-3A82-4F3A-A003-6AD106858F6A}.Release|Any CPU.Build.0 = Release|Any CPU
		{4BB2CE1B-7618-4895-B4F6-53F43D657FEF}.Debug|Any CPU.ActiveCfg = Debug|Any CPU
		{4BB2CE1B-7618-4895-B4F6-53F43D657FEF}.Debug|Any CPU.Build.0 = Debug|Any CPU
		{4BB2CE1B-7618-4895-B4F6-53F43D657FEF}.Release|Any CPU.ActiveCfg = Release|Any CPU
		{4BB2CE1B-7618-4895-B4F6-53F43D657FEF}.Release|Any CPU.Build.0 = Release|Any CPU
		{E1313CAD-427F-4970-BB69-A41362288AC3}.Debug|Any CPU.ActiveCfg = Debug|Any CPU
		{E1313CAD-427F-4970-BB69-A41362288AC3}.Debug|Any CPU.Build.0 = Debug|Any CPU
		{E1313CAD-427F-4970-BB69-A41362288AC3}.Release|Any CPU.ActiveCfg = Release|Any CPU
		{E1313CAD-427F-4970-BB69-A41362288AC3}.Release|Any CPU.Build.0 = Release|Any CPU
		{F9177A13-AB07-482E-A177-32007D03B449}.Debug|Any CPU.ActiveCfg = Debug|Any CPU
		{F9177A13-AB07-482E-A177-32007D03B449}.Debug|Any CPU.Build.0 = Debug|Any CPU
		{F9177A13-AB07-482E-A177-32007D03B449}.Release|Any CPU.ActiveCfg = Release|Any CPU
		{F9177A13-AB07-482E-A177-32007D03B449}.Release|Any CPU.Build.0 = Release|Any CPU
		{2D7EDBB5-53CC-4AC5-9295-4742099BC7FA}.Debug|Any CPU.ActiveCfg = Debug|Any CPU
		{2D7EDBB5-53CC-4AC5-9295-4742099BC7FA}.Debug|Any CPU.Build.0 = Debug|Any CPU
		{2D7EDBB5-53CC-4AC5-9295-4742099BC7FA}.Release|Any CPU.ActiveCfg = Release|Any CPU
		{2D7EDBB5-53CC-4AC5-9295-4742099BC7FA}.Release|Any CPU.Build.0 = Release|Any CPU
	EndGlobalSection
	GlobalSection(SolutionProperties) = preSolution
		HideSolutionNode = FALSE
	EndGlobalSection
EndGlobal
